
Microsoft Visual Studio Solution File, Format Version 12.00
# Visual Studio Version 17
VisualStudioVersion = 17.0.31611.283
MinimumVisualStudioVersion = 10.0.40219.1
Project("{9A19103F-16F7-4668-BE54-9A1E7A4F7556}") = "AppNumeroDaSorte", "AppNumeroDaSorte\AppNumeroDaSorte.csproj", "{E11A158D-60C0-47CC-98BA-D999DF3FA612}"
EndProject
Project("{2150E333-8FDC-42A3-9474-1A3956D46DE8}") = "App1", "App1", "{D2598532-9ABC-42FD-9B9C-35AB4CE464C4}"
EndProject
Project("{2150E333-8FDC-42A3-9474-1A3956D46DE8}") = "App02", "App02", "{491EC623-8A5B-49E3-B791-96C7BF0E13FA}"
EndProject
Project("{9A19103F-16F7-4668-BE54-9A1E7A4F7556}") = "AppContentPage", "AppContentPage\AppContentPage.csproj", "{376FE3CD-D02D-4907-BA5E-BFBE4DC3914C}"
EndProject
Project("{FAE04EC0-301F-11D3-BF4B-00C04F79EFBC}") = "AppNavigationPage", "AppNavigationPage\AppNavigationPage.csproj", "{1F7E8AD0-F00B-4B4F-8299-6382CF245BA6}"
EndProject
Project("{FAE04EC0-301F-11D3-BF4B-00C04F79EFBC}") = "AppFlyoutPage", "AppFlyoutPage\AppFlyoutPage.csproj", "{A468EE19-7260-4AF1-BAC7-D5EBD698290C}"
EndProject
Project("{9A19103F-16F7-4668-BE54-9A1E7A4F7556}") = "AppTabbedPage", "AppTabbedPage\AppTabbedPage.csproj", "{C1617A28-E800-43DD-920B-BAB07FF283B3}"
EndProject
Project("{2150E333-8FDC-42A3-9474-1A3956D46DE8}") = "App03", "App03", "{473C392E-A4CA-408F-AEA0-228D07CE497C}"
EndProject
Project("{9A19103F-16F7-4668-BE54-9A1E7A4F7556}") = "AppMAUIGalery", "AppMAUIGalery\AppMAUIGalery.csproj", "{1D1BC538-517C-4BDA-AA85-7D54EB0AB8B3}"
EndProject
Project("{2150E333-8FDC-42A3-9474-1A3956D46DE8}") = "App04", "App04", "{0AEF71AB-A1BB-4C5C-B36D-024D26013B8E}"
EndProject
Project("{FAE04EC0-301F-11D3-BF4B-00C04F79EFBC}") = "AppJogoForca", "AppJogoForca\AppJogoForca.csproj", "{C0215A40-F9D8-4970-A416-31FBFEA40D98}"
EndProject
Global
	GlobalSection(SolutionConfigurationPlatforms) = preSolution
		Debug|Any CPU = Debug|Any CPU
		Release|Any CPU = Release|Any CPU
	EndGlobalSection
	GlobalSection(ProjectConfigurationPlatforms) = postSolution
		{E11A158D-60C0-47CC-98BA-D999DF3FA612}.Debug|Any CPU.ActiveCfg = Debug|Any CPU
		{E11A158D-60C0-47CC-98BA-D999DF3FA612}.Debug|Any CPU.Build.0 = Debug|Any CPU
		{E11A158D-60C0-47CC-98BA-D999DF3FA612}.Debug|Any CPU.Deploy.0 = Debug|Any CPU
		{E11A158D-60C0-47CC-98BA-D999DF3FA612}.Release|Any CPU.ActiveCfg = Release|Any CPU
		{E11A158D-60C0-47CC-98BA-D999DF3FA612}.Release|Any CPU.Build.0 = Release|Any CPU
		{E11A158D-60C0-47CC-98BA-D999DF3FA612}.Release|Any CPU.Deploy.0 = Release|Any CPU
		{376FE3CD-D02D-4907-BA5E-BFBE4DC3914C}.Debug|Any CPU.ActiveCfg = Debug|Any CPU
		{376FE3CD-D02D-4907-BA5E-BFBE4DC3914C}.Debug|Any CPU.Build.0 = Debug|Any CPU
		{376FE3CD-D02D-4907-BA5E-BFBE4DC3914C}.Debug|Any CPU.Deploy.0 = Debug|Any CPU
		{376FE3CD-D02D-4907-BA5E-BFBE4DC3914C}.Release|Any CPU.ActiveCfg = Release|Any CPU
		{376FE3CD-D02D-4907-BA5E-BFBE4DC3914C}.Release|Any CPU.Build.0 = Release|Any CPU
		{376FE3CD-D02D-4907-BA5E-BFBE4DC3914C}.Release|Any CPU.Deploy.0 = Release|Any CPU
		{1F7E8AD0-F00B-4B4F-8299-6382CF245BA6}.Debug|Any CPU.ActiveCfg = Debug|Any CPU
		{1F7E8AD0-F00B-4B4F-8299-6382CF245BA6}.Debug|Any CPU.Build.0 = Debug|Any CPU
		{1F7E8AD0-F00B-4B4F-8299-6382CF245BA6}.Debug|Any CPU.Deploy.0 = Debug|Any CPU
		{1F7E8AD0-F00B-4B4F-8299-6382CF245BA6}.Release|Any CPU.ActiveCfg = Release|Any CPU
		{1F7E8AD0-F00B-4B4F-8299-6382CF245BA6}.Release|Any CPU.Build.0 = Release|Any CPU
		{1F7E8AD0-F00B-4B4F-8299-6382CF245BA6}.Release|Any CPU.Deploy.0 = Release|Any CPU
		{A468EE19-7260-4AF1-BAC7-D5EBD698290C}.Debug|Any CPU.ActiveCfg = Debug|Any CPU
		{A468EE19-7260-4AF1-BAC7-D5EBD698290C}.Debug|Any CPU.Build.0 = Debug|Any CPU
		{A468EE19-7260-4AF1-BAC7-D5EBD698290C}.Debug|Any CPU.Deploy.0 = Debug|Any CPU
		{A468EE19-7260-4AF1-BAC7-D5EBD698290C}.Release|Any CPU.ActiveCfg = Release|Any CPU
		{A468EE19-7260-4AF1-BAC7-D5EBD698290C}.Release|Any CPU.Build.0 = Release|Any CPU
		{A468EE19-7260-4AF1-BAC7-D5EBD698290C}.Release|Any CPU.Deploy.0 = Release|Any CPU
		{C1617A28-E800-43DD-920B-BAB07FF283B3}.Debug|Any CPU.ActiveCfg = Debug|Any CPU
		{C1617A28-E800-43DD-920B-BAB07FF283B3}.Debug|Any CPU.Build.0 = Debug|Any CPU
		{C1617A28-E800-43DD-920B-BAB07FF283B3}.Debug|Any CPU.Deploy.0 = Debug|Any CPU
		{C1617A28-E800-43DD-920B-BAB07FF283B3}.Release|Any CPU.ActiveCfg = Release|Any CPU
		{C1617A28-E800-43DD-920B-BAB07FF283B3}.Release|Any CPU.Build.0 = Release|Any CPU
		{C1617A28-E800-43DD-920B-BAB07FF283B3}.Release|Any CPU.Deploy.0 = Release|Any CPU
		{1D1BC538-517C-4BDA-AA85-7D54EB0AB8B3}.Debug|Any CPU.ActiveCfg = Debug|Any CPU
		{1D1BC538-517C-4BDA-AA85-7D54EB0AB8B3}.Debug|Any CPU.Build.0 = Debug|Any CPU
		{1D1BC538-517C-4BDA-AA85-7D54EB0AB8B3}.Debug|Any CPU.Deploy.0 = Debug|Any CPU
		{1D1BC538-517C-4BDA-AA85-7D54EB0AB8B3}.Release|Any CPU.ActiveCfg = Release|Any CPU
		{1D1BC538-517C-4BDA-AA85-7D54EB0AB8B3}.Release|Any CPU.Build.0 = Release|Any CPU
		{1D1BC538-517C-4BDA-AA85-7D54EB0AB8B3}.Release|Any CPU.Deploy.0 = Release|Any CPU
		{C0215A40-F9D8-4970-A416-31FBFEA40D98}.Debug|Any CPU.ActiveCfg = Debug|Any CPU
		{C0215A40-F9D8-4970-A416-31FBFEA40D98}.Debug|Any CPU.Build.0 = Debug|Any CPU
		{C0215A40-F9D8-4970-A416-31FBFEA40D98}.Debug|Any CPU.Deploy.0 = Debug|Any CPU
		{C0215A40-F9D8-4970-A416-31FBFEA40D98}.Release|Any CPU.ActiveCfg = Release|Any CPU
		{C0215A40-F9D8-4970-A416-31FBFEA40D98}.Release|Any CPU.Build.0 = Release|Any CPU
		{C0215A40-F9D8-4970-A416-31FBFEA40D98}.Release|Any CPU.Deploy.0 = Release|Any CPU
	EndGlobalSection
	GlobalSection(SolutionProperties) = preSolution
		HideSolutionNode = FALSE
	EndGlobalSection
	GlobalSection(NestedProjects) = preSolution
		{E11A158D-60C0-47CC-98BA-D999DF3FA612} = {D2598532-9ABC-42FD-9B9C-35AB4CE464C4}
		{376FE3CD-D02D-4907-BA5E-BFBE4DC3914C} = {491EC623-8A5B-49E3-B791-96C7BF0E13FA}
		{1F7E8AD0-F00B-4B4F-8299-6382CF245BA6} = {491EC623-8A5B-49E3-B791-96C7BF0E13FA}
		{A468EE19-7260-4AF1-BAC7-D5EBD698290C} = {491EC623-8A5B-49E3-B791-96C7BF0E13FA}
		{C1617A28-E800-43DD-920B-BAB07FF283B3} = {491EC623-8A5B-49E3-B791-96C7BF0E13FA}
		{1D1BC538-517C-4BDA-AA85-7D54EB0AB8B3} = {473C392E-A4CA-408F-AEA0-228D07CE497C}
		{C0215A40-F9D8-4970-A416-31FBFEA40D98} = {0AEF71AB-A1BB-4C5C-B36D-024D26013B8E}
	EndGlobalSection
	GlobalSection(ExtensibilityGlobals) = postSolution
		SolutionGuid = {61F7FB11-1E47-470C-91E2-47F8143E1572}
	EndGlobalSection
EndGlobal
